
Microsoft Visual Studio Solution File, Format Version 12.00
# Visual Studio Version 17
VisualStudioVersion = 17.13.35919.96 d17.13
MinimumVisualStudioVersion = 10.0.40219.1
Project("{FAE04EC0-301F-11D3-BF4B-00C04F79EFBC}") = "BlogApp.Api", "..\blog_application\BlogApp.Api\BlogApp.Api.csproj", "{AD0FF789-6738-F549-14B7-6AD835A72955}"
EndProject
Project("{FAE04EC0-301F-11D3-BF4B-00C04F79EFBC}") = "BlogAppFrontend", "..\blog_application\BlogAppFrontend\BlogAppFrontend.csproj", "{48E05AA7-60B8-BFFD-679B-6B08763E8456}"
EndProject
Global
	GlobalSection(SolutionConfigurationPlatforms) = preSolution
		Debug|Any CPU = Debug|Any CPU
		Release|Any CPU = Release|Any CPU
	EndGlobalSection
	GlobalSection(ProjectConfigurationPlatforms) = postSolution
		{AD0FF789-6738-F549-14B7-6AD835A72955}.Debug|Any CPU.ActiveCfg = Debug|Any CPU
		{AD0FF789-6738-F549-14B7-6AD835A72955}.Debug|Any CPU.Build.0 = Debug|Any CPU
		{AD0FF789-6738-F549-14B7-6AD835A72955}.Release|Any CPU.ActiveCfg = Release|Any CPU
		{AD0FF789-6738-F549-14B7-6AD835A72955}.Release|Any CPU.Build.0 = Release|Any CPU
		{48E05AA7-60B8-BFFD-679B-6B08763E8456}.Debug|Any CPU.ActiveCfg = Debug|Any CPU
		{48E05AA7-60B8-BFFD-679B-6B08763E8456}.Debug|Any CPU.Build.0 = Debug|Any CPU
		{48E05AA7-60B8-BFFD-679B-6B08763E8456}.Release|Any CPU.ActiveCfg = Release|Any CPU
		{48E05AA7-60B8-BFFD-679B-6B08763E8456}.Release|Any CPU.Build.0 = Release|Any CPU
	EndGlobalSection
	GlobalSection(SolutionProperties) = preSolution
		HideSolutionNode = FALSE
	EndGlobalSection
	GlobalSection(ExtensibilityGlobals) = postSolution
		SolutionGuid = {23D33A3C-5B2E-4307-B876-46CD3CA3A491}
	EndGlobalSection
EndGlobal
